// !$*UTF8*$!
{
	archiveVersion = 1;
	classes = {
	};
	objectVersion = 56;
	objects = {

/* Begin PBXBuildFile section */
		7E1DE8D62A82E95200AB3593 /* MovieDetailView.swift in Sources */ = {isa = PBXBuildFile; fileRef = 7E1DE8D52A82E95200AB3593 /* MovieDetailView.swift */; };
		7E1DE8D82A82EAA700AB3593 /* MovieTopRatedView.swift in Sources */ = {isa = PBXBuildFile; fileRef = 7E1DE8D72A82EAA700AB3593 /* MovieTopRatedView.swift */; };
		7E1DE8DA2A82ED6100AB3593 /* MovieSearchView.swift in Sources */ = {isa = PBXBuildFile; fileRef = 7E1DE8D92A82ED6100AB3593 /* MovieSearchView.swift */; };
		7EC6E9CF2A72DA66008C38F5 /* MovieRaterApp.swift in Sources */ = {isa = PBXBuildFile; fileRef = 7EC6E9CE2A72DA66008C38F5 /* MovieRaterApp.swift */; };
		7EC6E9D12A72DA66008C38F5 /* ContentView.swift in Sources */ = {isa = PBXBuildFile; fileRef = 7EC6E9D02A72DA66008C38F5 /* ContentView.swift */; };
		7EC6E9D32A72DA67008C38F5 /* Assets.xcassets in Resources */ = {isa = PBXBuildFile; fileRef = 7EC6E9D22A72DA67008C38F5 /* Assets.xcassets */; };
		7EC6E9D62A72DA67008C38F5 /* Preview Assets.xcassets in Resources */ = {isa = PBXBuildFile; fileRef = 7EC6E9D52A72DA67008C38F5 /* Preview Assets.xcassets */; };
		7EC6E9DD2A72DC45008C38F5 /* GoogleService-Info.plist in Resources */ = {isa = PBXBuildFile; fileRef = 7EC6E9DC2A72DC44008C38F5 /* GoogleService-Info.plist */; };
		7EC6E9E02A72DCC9008C38F5 /* FirebaseAuth in Frameworks */ = {isa = PBXBuildFile; productRef = 7EC6E9DF2A72DCC9008C38F5 /* FirebaseAuth */; };
		7EC6E9E22A72DCC9008C38F5 /* FirebaseFirestore in Frameworks */ = {isa = PBXBuildFile; productRef = 7EC6E9E12A72DCC9008C38F5 /* FirebaseFirestore */; };
		7EC6E9E52A72DE1D008C38F5 /* LoginView.swift in Sources */ = {isa = PBXBuildFile; fileRef = 7EC6E9E42A72DE1D008C38F5 /* LoginView.swift */; };
		7EC6E9E72A72DF23008C38F5 /* RegisterView.swift in Sources */ = {isa = PBXBuildFile; fileRef = 7EC6E9E62A72DF23008C38F5 /* RegisterView.swift */; };
		7EC6E9E92A72E10E008C38F5 /* MainView.swift in Sources */ = {isa = PBXBuildFile; fileRef = 7EC6E9E82A72E10E008C38F5 /* MainView.swift */; };
		7EC6E9F22A732FFD008C38F5 /* AuthManager.swift in Sources */ = {isa = PBXBuildFile; fileRef = 7EC6E9F12A732FFD008C38F5 /* AuthManager.swift */; };
		7EC6E9F52A7330A4008C38F5 /* AuthViewModel.swift in Sources */ = {isa = PBXBuildFile; fileRef = 7EC6E9F42A7330A4008C38F5 /* AuthViewModel.swift */; };
		7EC6E9F72A7335BE008C38F5 /* User.swift in Sources */ = {isa = PBXBuildFile; fileRef = 7EC6E9F62A7335BE008C38F5 /* User.swift */; };
		7EC6E9FA2A733B08008C38F5 /* FirebaseFirestoreSwift in Frameworks */ = {isa = PBXBuildFile; productRef = 7EC6E9F92A733B08008C38F5 /* FirebaseFirestoreSwift */; };
		7EC6E9FC2A734496008C38F5 /* Movie.swift in Sources */ = {isa = PBXBuildFile; fileRef = 7EC6E9FB2A734496008C38F5 /* Movie.swift */; };
		7EC6E9FF2A738512008C38F5 /* MovieService.swift in Sources */ = {isa = PBXBuildFile; fileRef = 7EC6E9FE2A738512008C38F5 /* MovieService.swift */; };
/* End PBXBuildFile section */

/* Begin PBXFileReference section */
		7E1DE8D52A82E95200AB3593 /* MovieDetailView.swift */ = {isa = PBXFileReference; lastKnownFileType = sourcecode.swift; path = MovieDetailView.swift; sourceTree = "<group>"; };
		7E1DE8D72A82EAA700AB3593 /* MovieTopRatedView.swift */ = {isa = PBXFileReference; lastKnownFileType = sourcecode.swift; path = MovieTopRatedView.swift; sourceTree = "<group>"; };
		7E1DE8D92A82ED6100AB3593 /* MovieSearchView.swift */ = {isa = PBXFileReference; lastKnownFileType = sourcecode.swift; path = MovieSearchView.swift; sourceTree = "<group>"; };
		7EC6E9CB2A72DA66008C38F5 /* MovieRater.app */ = {isa = PBXFileReference; explicitFileType = wrapper.application; includeInIndex = 0; path = MovieRater.app; sourceTree = BUILT_PRODUCTS_DIR; };
		7EC6E9CE2A72DA66008C38F5 /* MovieRaterApp.swift */ = {isa = PBXFileReference; lastKnownFileType = sourcecode.swift; path = MovieRaterApp.swift; sourceTree = "<group>"; };
		7EC6E9D02A72DA66008C38F5 /* ContentView.swift */ = {isa = PBXFileReference; lastKnownFileType = sourcecode.swift; path = ContentView.swift; sourceTree = "<group>"; };
		7EC6E9D22A72DA67008C38F5 /* Assets.xcassets */ = {isa = PBXFileReference; lastKnownFileType = folder.assetcatalog; path = Assets.xcassets; sourceTree = "<group>"; };
		7EC6E9D52A72DA67008C38F5 /* Preview Assets.xcassets */ = {isa = PBXFileReference; lastKnownFileType = folder.assetcatalog; path = "Preview Assets.xcassets"; sourceTree = "<group>"; };
		7EC6E9DC2A72DC44008C38F5 /* GoogleService-Info.plist */ = {isa = PBXFileReference; fileEncoding = 4; lastKnownFileType = text.plist.xml; path = "GoogleService-Info.plist"; sourceTree = "<group>"; };
		7EC6E9E42A72DE1D008C38F5 /* LoginView.swift */ = {isa = PBXFileReference; lastKnownFileType = sourcecode.swift; path = LoginView.swift; sourceTree = "<group>"; };
		7EC6E9E62A72DF23008C38F5 /* RegisterView.swift */ = {isa = PBXFileReference; lastKnownFileType = sourcecode.swift; path = RegisterView.swift; sourceTree = "<group>"; };
		7EC6E9E82A72E10E008C38F5 /* MainView.swift */ = {isa = PBXFileReference; lastKnownFileType = sourcecode.swift; path = MainView.swift; sourceTree = "<group>"; };
		7EC6E9F12A732FFD008C38F5 /* AuthManager.swift */ = {isa = PBXFileReference; lastKnownFileType = sourcecode.swift; path = AuthManager.swift; sourceTree = "<group>"; };
		7EC6E9F42A7330A4008C38F5 /* AuthViewModel.swift */ = {isa = PBXFileReference; lastKnownFileType = sourcecode.swift; path = AuthViewModel.swift; sourceTree = "<group>"; };
		7EC6E9F62A7335BE008C38F5 /* User.swift */ = {isa = PBXFileReference; lastKnownFileType = sourcecode.swift; path = User.swift; sourceTree = "<group>"; };
		7EC6E9FB2A734496008C38F5 /* Movie.swift */ = {isa = PBXFileReference; lastKnownFileType = sourcecode.swift; path = Movie.swift; sourceTree = "<group>"; };
		7EC6E9FE2A738512008C38F5 /* MovieService.swift */ = {isa = PBXFileReference; lastKnownFileType = sourcecode.swift; path = MovieService.swift; sourceTree = "<group>"; };
/* End PBXFileReference section */

/* Begin PBXFrameworksBuildPhase section */
		7EC6E9C82A72DA66008C38F5 /* Frameworks */ = {
			isa = PBXFrameworksBuildPhase;
			buildActionMask = 2147483647;
			files = (
				7EC6E9E02A72DCC9008C38F5 /* FirebaseAuth in Frameworks */,
				7EC6E9E22A72DCC9008C38F5 /* FirebaseFirestore in Frameworks */,
				7EC6E9FA2A733B08008C38F5 /* FirebaseFirestoreSwift in Frameworks */,
			);
			runOnlyForDeploymentPostprocessing = 0;
		};
/* End PBXFrameworksBuildPhase section */

/* Begin PBXGroup section */
		7EC6E9C22A72DA66008C38F5 = {
			isa = PBXGroup;
			children = (
				7EC6E9CD2A72DA66008C38F5 /* MovieRater */,
				7EC6E9CC2A72DA66008C38F5 /* Products */,
				7EC6E9F82A733B08008C38F5 /* Frameworks */,
			);
			sourceTree = "<group>";
		};
		7EC6E9CC2A72DA66008C38F5 /* Products */ = {
			isa = PBXGroup;
			children = (
				7EC6E9CB2A72DA66008C38F5 /* MovieRater.app */,
			);
			name = Products;
			sourceTree = "<group>";
		};
		7EC6E9CD2A72DA66008C38F5 /* MovieRater */ = {
			isa = PBXGroup;
			children = (
				7EC6E9FD2A7384FD008C38F5 /* Service */,
				7EC6E9F32A733091008C38F5 /* ViewModel */,
				7EC6E9EA2A7317EE008C38F5 /* Models */,
				7EC6E9E32A72DE0A008C38F5 /* UI */,
				7EC6E9CE2A72DA66008C38F5 /* MovieRaterApp.swift */,
				7EC6E9D02A72DA66008C38F5 /* ContentView.swift */,
				7EC6E9D22A72DA67008C38F5 /* Assets.xcassets */,
				7EC6E9DC2A72DC44008C38F5 /* GoogleService-Info.plist */,
				7EC6E9D42A72DA67008C38F5 /* Preview Content */,
			);
			path = MovieRater;
			sourceTree = "<group>";
		};
		7EC6E9D42A72DA67008C38F5 /* Preview Content */ = {
			isa = PBXGroup;
			children = (
				7EC6E9D52A72DA67008C38F5 /* Preview Assets.xcassets */,
			);
			path = "Preview Content";
			sourceTree = "<group>";
		};
		7EC6E9E32A72DE0A008C38F5 /* UI */ = {
			isa = PBXGroup;
			children = (
				7EC6E9E42A72DE1D008C38F5 /* LoginView.swift */,
				7EC6E9E62A72DF23008C38F5 /* RegisterView.swift */,
				7EC6E9E82A72E10E008C38F5 /* MainView.swift */,
				7E1DE8D52A82E95200AB3593 /* MovieDetailView.swift */,
				7E1DE8D72A82EAA700AB3593 /* MovieTopRatedView.swift */,
				7E1DE8D92A82ED6100AB3593 /* MovieSearchView.swift */,
			);
			path = UI;
			sourceTree = "<group>";
		};
		7EC6E9EA2A7317EE008C38F5 /* Models */ = {
			isa = PBXGroup;
			children = (
				7EC6E9F12A732FFD008C38F5 /* AuthManager.swift */,
				7EC6E9F62A7335BE008C38F5 /* User.swift */,
				7EC6E9FB2A734496008C38F5 /* Movie.swift */,
			);
			path = Models;
			sourceTree = "<group>";
		};
		7EC6E9F32A733091008C38F5 /* ViewModel */ = {
			isa = PBXGroup;
			children = (
				7EC6E9F42A7330A4008C38F5 /* AuthViewModel.swift */,
			);
			path = ViewModel;
			sourceTree = "<group>";
		};
		7EC6E9F82A733B08008C38F5 /* Frameworks */ = {
			isa = PBXGroup;
			children = (
			);
			name = Frameworks;
			sourceTree = "<group>";
		};
		7EC6E9FD2A7384FD008C38F5 /* Service */ = {
			isa = PBXGroup;
			children = (
				7EC6E9FE2A738512008C38F5 /* MovieService.swift */,
			);
			path = Service;
			sourceTree = "<group>";
		};
/* End PBXGroup section */

/* Begin PBXNativeTarget section */
		7EC6E9CA2A72DA66008C38F5 /* MovieRater */ = {
			isa = PBXNativeTarget;
			buildConfigurationList = 7EC6E9D92A72DA67008C38F5 /* Build configuration list for PBXNativeTarget "MovieRater" */;
			buildPhases = (
				7EC6E9C72A72DA66008C38F5 /* Sources */,
				7EC6E9C82A72DA66008C38F5 /* Frameworks */,
				7EC6E9C92A72DA66008C38F5 /* Resources */,
			);
			buildRules = (
			);
			dependencies = (
			);
			name = MovieRater;
			packageProductDependencies = (
				7EC6E9DF2A72DCC9008C38F5 /* FirebaseAuth */,
				7EC6E9E12A72DCC9008C38F5 /* FirebaseFirestore */,
				7EC6E9F92A733B08008C38F5 /* FirebaseFirestoreSwift */,
			);
			productName = MovieRater;
			productReference = 7EC6E9CB2A72DA66008C38F5 /* MovieRater.app */;
			productType = "com.apple.product-type.application";
		};
/* End PBXNativeTarget section */

/* Begin PBXProject section */
		7EC6E9C32A72DA66008C38F5 /* Project object */ = {
			isa = PBXProject;
			attributes = {
				BuildIndependentTargetsInParallel = 1;
				LastSwiftUpdateCheck = 1430;
				LastUpgradeCheck = 1430;
				TargetAttributes = {
					7EC6E9CA2A72DA66008C38F5 = {
						CreatedOnToolsVersion = 14.3.1;
					};
				};
			};
			buildConfigurationList = 7EC6E9C62A72DA66008C38F5 /* Build configuration list for PBXProject "MovieRater" */;
			compatibilityVersion = "Xcode 14.0";
			developmentRegion = en;
			hasScannedForEncodings = 0;
			knownRegions = (
				en,
				Base,
			);
			mainGroup = 7EC6E9C22A72DA66008C38F5;
			packageReferences = (
				7EC6E9DE2A72DCC9008C38F5 /* XCRemoteSwiftPackageReference "firebase-ios-sdk" */,
			);
			productRefGroup = 7EC6E9CC2A72DA66008C38F5 /* Products */;
			projectDirPath = "";
			projectRoot = "";
			targets = (
				7EC6E9CA2A72DA66008C38F5 /* MovieRater */,
			);
		};
/* End PBXProject section */

/* Begin PBXResourcesBuildPhase section */
		7EC6E9C92A72DA66008C38F5 /* Resources */ = {
			isa = PBXResourcesBuildPhase;
			buildActionMask = 2147483647;
			files = (
				7EC6E9D62A72DA67008C38F5 /* Preview Assets.xcassets in Resources */,
				7EC6E9D32A72DA67008C38F5 /* Assets.xcassets in Resources */,
				7EC6E9DD2A72DC45008C38F5 /* GoogleService-Info.plist in Resources */,
			);
			runOnlyForDeploymentPostprocessing = 0;
		};
/* End PBXResourcesBuildPhase section */

/* Begin PBXSourcesBuildPhase section */
		7EC6E9C72A72DA66008C38F5 /* Sources */ = {
			isa = PBXSourcesBuildPhase;
			buildActionMask = 2147483647;
			files = (
				7EC6E9E52A72DE1D008C38F5 /* LoginView.swift in Sources */,
				7EC6E9F22A732FFD008C38F5 /* AuthManager.swift in Sources */,
				7EC6E9FC2A734496008C38F5 /* Movie.swift in Sources */,
				7EC6E9E72A72DF23008C38F5 /* RegisterView.swift in Sources */,
				7E1DE8DA2A82ED6100AB3593 /* MovieSearchView.swift in Sources */,
				7E1DE8D82A82EAA700AB3593 /* MovieTopRatedView.swift in Sources */,
				7EC6E9FF2A738512008C38F5 /* MovieService.swift in Sources */,
				7EC6E9D12A72DA66008C38F5 /* ContentView.swift in Sources */,
				7EC6E9E92A72E10E008C38F5 /* MainView.swift in Sources */,
				7EC6E9F72A7335BE008C38F5 /* User.swift in Sources */,
				7EC6E9CF2A72DA66008C38F5 /* MovieRaterApp.swift in Sources */,
				7EC6E9F52A7330A4008C38F5 /* AuthViewModel.swift in Sources */,
				7E1DE8D62A82E95200AB3593 /* MovieDetailView.swift in Sources */,
			);
			runOnlyForDeploymentPostprocessing = 0;
		};
/* End PBXSourcesBuildPhase section */

/* Begin XCBuildConfiguration section */
		7EC6E9D72A72DA67008C38F5 /* Debug */ = {
			isa = XCBuildConfiguration;
			buildSettings = {
				ALWAYS_SEARCH_USER_PATHS = NO;
				CLANG_ANALYZER_NONNULL = YES;
				CLANG_ANALYZER_NUMBER_OBJECT_CONVERSION = YES_AGGRESSIVE;
				CLANG_CXX_LANGUAGE_STANDARD = "gnu++20";
				CLANG_ENABLE_MODULES = YES;
				CLANG_ENABLE_OBJC_ARC = YES;
				CLANG_ENABLE_OBJC_WEAK = YES;
				CLANG_WARN_BLOCK_CAPTURE_AUTORELEASING = YES;
				CLANG_WARN_BOOL_CONVERSION = YES;
				CLANG_WARN_COMMA = YES;
				CLANG_WARN_CONSTANT_CONVERSION = YES;
				CLANG_WARN_DEPRECATED_OBJC_IMPLEMENTATIONS = YES;
				CLANG_WARN_DIRECT_OBJC_ISA_USAGE = YES_ERROR;
				CLANG_WARN_DOCUMENTATION_COMMENTS = YES;
				CLANG_WARN_EMPTY_BODY = YES;
				CLANG_WARN_ENUM_CONVERSION = YES;
				CLANG_WARN_INFINITE_RECURSION = YES;
				CLANG_WARN_INT_CONVERSION = YES;
				CLANG_WARN_NON_LITERAL_NULL_CONVERSION = YES;
				CLANG_WARN_OBJC_IMPLICIT_RETAIN_SELF = YES;
				CLANG_WARN_OBJC_LITERAL_CONVERSION = YES;
				CLANG_WARN_OBJC_ROOT_CLASS = YES_ERROR;
				CLANG_WARN_QUOTED_INCLUDE_IN_FRAMEWORK_HEADER = YES;
				CLANG_WARN_RANGE_LOOP_ANALYSIS = YES;
				CLANG_WARN_STRICT_PROTOTYPES = YES;
				CLANG_WARN_SUSPICIOUS_MOVE = YES;
				CLANG_WARN_UNGUARDED_AVAILABILITY = YES_AGGRESSIVE;
				CLANG_WARN_UNREACHABLE_CODE = YES;
				CLANG_WARN__DUPLICATE_METHOD_MATCH = YES;
				COPY_PHASE_STRIP = NO;
				DEBUG_INFORMATION_FORMAT = dwarf;
				ENABLE_STRICT_OBJC_MSGSEND = YES;
				ENABLE_TESTABILITY = YES;
				GCC_C_LANGUAGE_STANDARD = gnu11;
				GCC_DYNAMIC_NO_PIC = NO;
				GCC_NO_COMMON_BLOCKS = YES;
				GCC_OPTIMIZATION_LEVEL = 0;
				GCC_PREPROCESSOR_DEFINITIONS = (
					"DEBUG=1",
					"$(inherited)",
				);
				GCC_WARN_64_TO_32_BIT_CONVERSION = YES;
				GCC_WARN_ABOUT_RETURN_TYPE = YES_ERROR;
				GCC_WARN_UNDECLARED_SELECTOR = YES;
				GCC_WARN_UNINITIALIZED_AUTOS = YES_AGGRESSIVE;
				GCC_WARN_UNUSED_FUNCTION = YES;
				GCC_WARN_UNUSED_VARIABLE = YES;
				IPHONEOS_DEPLOYMENT_TARGET = 16.4;
				MTL_ENABLE_DEBUG_INFO = INCLUDE_SOURCE;
				MTL_FAST_MATH = YES;
				ONLY_ACTIVE_ARCH = YES;
				SDKROOT = iphoneos;
				SWIFT_ACTIVE_COMPILATION_CONDITIONS = DEBUG;
				SWIFT_OPTIMIZATION_LEVEL = "-Onone";
			};
			name = Debug;
		};
		7EC6E9D82A72DA67008C38F5 /* Release */ = {
			isa = XCBuildConfiguration;
			buildSettings = {
				ALWAYS_SEARCH_USER_PATHS = NO;
				CLANG_ANALYZER_NONNULL = YES;
				CLANG_ANALYZER_NUMBER_OBJECT_CONVERSION = YES_AGGRESSIVE;
				CLANG_CXX_LANGUAGE_STANDARD = "gnu++20";
				CLANG_ENABLE_MODULES = YES;
				CLANG_ENABLE_OBJC_ARC = YES;
				CLANG_ENABLE_OBJC_WEAK = YES;
				CLANG_WARN_BLOCK_CAPTURE_AUTORELEASING = YES;
				CLANG_WARN_BOOL_CONVERSION = YES;
				CLANG_WARN_COMMA = YES;
				CLANG_WARN_CONSTANT_CONVERSION = YES;
				CLANG_WARN_DEPRECATED_OBJC_IMPLEMENTATIONS = YES;
				CLANG_WARN_DIRECT_OBJC_ISA_USAGE = YES_ERROR;
				CLANG_WARN_DOCUMENTATION_COMMENTS = YES;
				CLANG_WARN_EMPTY_BODY = YES;
				CLANG_WARN_ENUM_CONVERSION = YES;
				CLANG_WARN_INFINITE_RECURSION = YES;
				CLANG_WARN_INT_CONVERSION = YES;
				CLANG_WARN_NON_LITERAL_NULL_CONVERSION = YES;
				CLANG_WARN_OBJC_IMPLICIT_RETAIN_SELF = YES;
				CLANG_WARN_OBJC_LITERAL_CONVERSION = YES;
				CLANG_WARN_OBJC_ROOT_CLASS = YES_ERROR;
				CLANG_WARN_QUOTED_INCLUDE_IN_FRAMEWORK_HEADER = YES;
				CLANG_WARN_RANGE_LOOP_ANALYSIS = YES;
				CLANG_WARN_STRICT_PROTOTYPES = YES;
				CLANG_WARN_SUSPICIOUS_MOVE = YES;
				CLANG_WARN_UNGUARDED_AVAILABILITY = YES_AGGRESSIVE;
				CLANG_WARN_UNREACHABLE_CODE = YES;
				CLANG_WARN__DUPLICATE_METHOD_MATCH = YES;
				COPY_PHASE_STRIP = NO;
				DEBUG_INFORMATION_FORMAT = "dwarf-with-dsym";
				ENABLE_NS_ASSERTIONS = NO;
				ENABLE_STRICT_OBJC_MSGSEND = YES;
				GCC_C_LANGUAGE_STANDARD = gnu11;
				GCC_NO_COMMON_BLOCKS = YES;
				GCC_WARN_64_TO_32_BIT_CONVERSION = YES;
				GCC_WARN_ABOUT_RETURN_TYPE = YES_ERROR;
				GCC_WARN_UNDECLARED_SELECTOR = YES;
				GCC_WARN_UNINITIALIZED_AUTOS = YES_AGGRESSIVE;
				GCC_WARN_UNUSED_FUNCTION = YES;
				GCC_WARN_UNUSED_VARIABLE = YES;
				IPHONEOS_DEPLOYMENT_TARGET = 16.4;
				MTL_ENABLE_DEBUG_INFO = NO;
				MTL_FAST_MATH = YES;
				SDKROOT = iphoneos;
				SWIFT_COMPILATION_MODE = wholemodule;
				SWIFT_OPTIMIZATION_LEVEL = "-O";
				VALIDATE_PRODUCT = YES;
			};
			name = Release;
		};
		7EC6E9DA2A72DA67008C38F5 /* Debug */ = {
			isa = XCBuildConfiguration;
			buildSettings = {
				ASSETCATALOG_COMPILER_APPICON_NAME = AppIcon;
				ASSETCATALOG_COMPILER_GLOBAL_ACCENT_COLOR_NAME = AccentColor;
				CODE_SIGN_STYLE = Automatic;
				CURRENT_PROJECT_VERSION = 1;
				DEVELOPMENT_ASSET_PATHS = "\"MovieRater/Preview Content\"";
				ENABLE_PREVIEWS = YES;
				GENERATE_INFOPLIST_FILE = YES;
				INFOPLIST_KEY_UIApplicationSceneManifest_Generation = YES;
				INFOPLIST_KEY_UIApplicationSupportsIndirectInputEvents = YES;
				INFOPLIST_KEY_UILaunchScreen_Generation = YES;
				INFOPLIST_KEY_UISupportedInterfaceOrientations_iPad = "UIInterfaceOrientationPortrait UIInterfaceOrientationPortraitUpsideDown UIInterfaceOrientationLandscapeLeft UIInterfaceOrientationLandscapeRight";
				INFOPLIST_KEY_UISupportedInterfaceOrientations_iPhone = "UIInterfaceOrientationPortrait UIInterfaceOrientationLandscapeLeft UIInterfaceOrientationLandscapeRight";
				IPHONEOS_DEPLOYMENT_TARGET = 16.4;
				LD_RUNPATH_SEARCH_PATHS = (
					"$(inherited)",
					"@executable_path/Frameworks",
				);
				MARKETING_VERSION = 1.0;
				PRODUCT_BUNDLE_IDENTIFIER = noelpettersson.MovieRater;
				PRODUCT_NAME = "$(TARGET_NAME)";
				SWIFT_EMIT_LOC_STRINGS = YES;
				SWIFT_VERSION = 5.0;
				TARGETED_DEVICE_FAMILY = "1,2";
			};
			name = Debug;
		};
		7EC6E9DB2A72DA67008C38F5 /* Release */ = {
			isa = XCBuildConfiguration;
			buildSettings = {
				ASSETCATALOG_COMPILER_APPICON_NAME = AppIcon;
				ASSETCATALOG_COMPILER_GLOBAL_ACCENT_COLOR_NAME = AccentColor;
				CODE_SIGN_STYLE = Automatic;
				CURRENT_PROJECT_VERSION = 1;
				DEVELOPMENT_ASSET_PATHS = "\"MovieRater/Preview Content\"";
				ENABLE_PREVIEWS = YES;
				GENERATE_INFOPLIST_FILE = YES;
				INFOPLIST_KEY_UIApplicationSceneManifest_Generation = YES;
				INFOPLIST_KEY_UIApplicationSupportsIndirectInputEvents = YES;
				INFOPLIST_KEY_UILaunchScreen_Generation = YES;
				INFOPLIST_KEY_UISupportedInterfaceOrientations_iPad = "UIInterfaceOrientationPortrait UIInterfaceOrientationPortraitUpsideDown UIInterfaceOrientationLandscapeLeft UIInterfaceOrientationLandscapeRight";
				INFOPLIST_KEY_UISupportedInterfaceOrientations_iPhone = "UIInterfaceOrientationPortrait UIInterfaceOrientationLandscapeLeft UIInterfaceOrientationLandscapeRight";
				IPHONEOS_DEPLOYMENT_TARGET = 16.4;
				LD_RUNPATH_SEARCH_PATHS = (
					"$(inherited)",
					"@executable_path/Frameworks",
				);
				MARKETING_VERSION = 1.0;
				PRODUCT_BUNDLE_IDENTIFIER = noelpettersson.MovieRater;
				PRODUCT_NAME = "$(TARGET_NAME)";
				SWIFT_EMIT_LOC_STRINGS = YES;
				SWIFT_VERSION = 5.0;
				TARGETED_DEVICE_FAMILY = "1,2";
			};
			name = Release;
		};
/* End XCBuildConfiguration section */

/* Begin XCConfigurationList section */
		7EC6E9C62A72DA66008C38F5 /* Build configuration list for PBXProject "MovieRater" */ = {
			isa = XCConfigurationList;
			buildConfigurations = (
				7EC6E9D72A72DA67008C38F5 /* Debug */,
				7EC6E9D82A72DA67008C38F5 /* Release */,
			);
			defaultConfigurationIsVisible = 0;
			defaultConfigurationName = Release;
		};
		7EC6E9D92A72DA67008C38F5 /* Build configuration list for PBXNativeTarget "MovieRater" */ = {
			isa = XCConfigurationList;
			buildConfigurations = (
				7EC6E9DA2A72DA67008C38F5 /* Debug */,
				7EC6E9DB2A72DA67008C38F5 /* Release */,
			);
			defaultConfigurationIsVisible = 0;
			defaultConfigurationName = Release;
		};
/* End XCConfigurationList section */

/* Begin XCRemoteSwiftPackageReference section */
		7EC6E9DE2A72DCC9008C38F5 /* XCRemoteSwiftPackageReference "firebase-ios-sdk" */ = {
			isa = XCRemoteSwiftPackageReference;
			repositoryURL = "https://github.com/firebase/firebase-ios-sdk";
			requirement = {
				kind = upToNextMajorVersion;
				minimumVersion = 10.0.0;
			};
		};
/* End XCRemoteSwiftPackageReference section */

/* Begin XCSwiftPackageProductDependency section */
		7EC6E9DF2A72DCC9008C38F5 /* FirebaseAuth */ = {
			isa = XCSwiftPackageProductDependency;
			package = 7EC6E9DE2A72DCC9008C38F5 /* XCRemoteSwiftPackageReference "firebase-ios-sdk" */;
			productName = FirebaseAuth;
		};
		7EC6E9E12A72DCC9008C38F5 /* FirebaseFirestore */ = {
			isa = XCSwiftPackageProductDependency;
			package = 7EC6E9DE2A72DCC9008C38F5 /* XCRemoteSwiftPackageReference "firebase-ios-sdk" */;
			productName = FirebaseFirestore;
		};
		7EC6E9F92A733B08008C38F5 /* FirebaseFirestoreSwift */ = {
			isa = XCSwiftPackageProductDependency;
			package = 7EC6E9DE2A72DCC9008C38F5 /* XCRemoteSwiftPackageReference "firebase-ios-sdk" */;
			productName = FirebaseFirestoreSwift;
		};
/* End XCSwiftPackageProductDependency section */
	};
	rootObject = 7EC6E9C32A72DA66008C38F5 /* Project object */;
}
